
Microsoft Visual Studio Solution File, Format Version 12.00
# Visual Studio Version 17
VisualStudioVersion = 17.8.34330.188
MinimumVisualStudioVersion = 10.0.40219.1
Project("{FAE04EC0-301F-11D3-BF4B-00C04F79EFBC}") = "AirBnb.Api", "src\AirBnb.Api\AirBnb.Api.csproj", "{823048A6-5A8A-486D-A50C-179955124FBC}"
EndProject
Project("{FAE04EC0-301F-11D3-BF4B-00C04F79EFBC}") = "AirBnb.Core", "src\AirBnb.Core\AirBnb.Core.csproj", "{81A433C5-18FE-4486-9028-4DFC9CBDAFD5}"
EndProject
Project("{FAE04EC0-301F-11D3-BF4B-00C04F79EFBC}") = "AirBnb.Data", "src\AirBnb.Data\AirBnb.Data.csproj", "{7C28744E-DCB8-47CD-B6B0-73377852EBA2}"
EndProject
Global
	GlobalSection(SolutionConfigurationPlatforms) = preSolution
		Debug|Any CPU = Debug|Any CPU
		Release|Any CPU = Release|Any CPU
	EndGlobalSection
	GlobalSection(ProjectConfigurationPlatforms) = postSolution
		{823048A6-5A8A-486D-A50C-179955124FBC}.Debug|Any CPU.ActiveCfg = Debug|Any CPU
		{823048A6-5A8A-486D-A50C-179955124FBC}.Debug|Any CPU.Build.0 = Debug|Any CPU
		{823048A6-5A8A-486D-A50C-179955124FBC}.Release|Any CPU.ActiveCfg = Release|Any CPU
		{823048A6-5A8A-486D-A50C-179955124FBC}.Release|Any CPU.Build.0 = Release|Any CPU
		{81A433C5-18FE-4486-9028-4DFC9CBDAFD5}.Debug|Any CPU.ActiveCfg = Debug|Any CPU
		{81A433C5-18FE-4486-9028-4DFC9CBDAFD5}.Debug|Any CPU.Build.0 = Debug|Any CPU
		{81A433C5-18FE-4486-9028-4DFC9CBDAFD5}.Release|Any CPU.ActiveCfg = Release|Any CPU
		{81A433C5-18FE-4486-9028-4DFC9CBDAFD5}.Release|Any CPU.Build.0 = Release|Any CPU
		{7C28744E-DCB8-47CD-B6B0-73377852EBA2}.Debug|Any CPU.ActiveCfg = Debug|Any CPU
		{7C28744E-DCB8-47CD-B6B0-73377852EBA2}.Debug|Any CPU.Build.0 = Debug|Any CPU
		{7C28744E-DCB8-47CD-B6B0-73377852EBA2}.Release|Any CPU.ActiveCfg = Release|Any CPU
		{7C28744E-DCB8-47CD-B6B0-73377852EBA2}.Release|Any CPU.Build.0 = Release|Any CPU
	EndGlobalSection
	GlobalSection(SolutionProperties) = preSolution
		HideSolutionNode = FALSE
	EndGlobalSection
	GlobalSection(ExtensibilityGlobals) = postSolution
		SolutionGuid = {DFFA41FB-F1C1-4487-95E1-A9BE92D3CAD5}
	EndGlobalSection
EndGlobal
